
Microsoft Visual Studio Solution File, Format Version 12.00
# Visual Studio Version 18
VisualStudioVersion = 18.6.11822.322
MinimumVisualStudioVersion = 10.0.40219.1
Project("{FAE04EC0-301F-11D3-BF4B-00C04F79EFBC}") = "FarmersLeague.ML", "FarmersLeague.ML\FarmersLeague.ML.csproj", "{4BD58010-7E04-4820-B21F-1F384FB9946B}"
EndProject
Project("{FAE04EC0-301F-11D3-BF4B-00C04F79EFBC}") = "FarmersLeague.DL", "FarmersLeague.DL\FarmersLeague.DL.csproj", "{85A5646A-749E-4848-87A2-66B76BFE9848}"
EndProject
Project("{FAE04EC0-301F-11D3-BF4B-00C04F79EFBC}") = "FarmersLeague.UI", "FarmersLeague.UI\FarmersLeague.UI.csproj", "{836D9155-7583-43F6-A2BA-8D2D1753AB3A}"
EndProject
Project("{FAE04EC0-301F-11D3-BF4B-00C04F79EFBC}") = "FarmersLeague.Test", "FarmersLeague.Test\FarmersLeague.Test.csproj", "{8FCD8879-AEF3-4EED-BEA0-52B3D8A6A62F}"
EndProject
Global
	GlobalSection(SolutionConfigurationPlatforms) = preSolution
		Debug|Any CPU = Debug|Any CPU
		Release|Any CPU = Release|Any CPU
	EndGlobalSection
	GlobalSection(ProjectConfigurationPlatforms) = postSolution
		{4BD58010-7E04-4820-B21F-1F384FB9946B}.Debug|Any CPU.ActiveCfg = Debug|Any CPU
		{4BD58010-7E04-4820-B21F-1F384FB9946B}.Debug|Any CPU.Build.0 = Debug|Any CPU
		{4BD58010-7E04-4820-B21F-1F384FB9946B}.Release|Any CPU.ActiveCfg = Release|Any CPU
		{4BD58010-7E04-4820-B21F-1F384FB9946B}.Release|Any CPU.Build.0 = Release|Any CPU
		{85A5646A-749E-4848-87A2-66B76BFE9848}.Debug|Any CPU.ActiveCfg = Debug|Any CPU
		{85A5646A-749E-4848-87A2-66B76BFE9848}.Debug|Any CPU.Build.0 = Debug|Any CPU
		{85A5646A-749E-4848-87A2-66B76BFE9848}.Release|Any CPU.ActiveCfg = Release|Any CPU
		{85A5646A-749E-4848-87A2-66B76BFE9848}.Release|Any CPU.Build.0 = Release|Any CPU
		{836D9155-7583-43F6-A2BA-8D2D1753AB3A}.Debug|Any CPU.ActiveCfg = Debug|Any CPU
		{836D9155-7583-43F6-A2BA-8D2D1753AB3A}.Debug|Any CPU.Build.0 = Debug|Any CPU
		{836D9155-7583-43F6-A2BA-8D2D1753AB3A}.Release|Any CPU.ActiveCfg = Release|Any CPU
		{836D9155-7583-43F6-A2BA-8D2D1753AB3A}.Release|Any CPU.Build.0 = Release|Any CPU
		{8FCD8879-AEF3-4EED-BEA0-52B3D8A6A62F}.Debug|Any CPU.ActiveCfg = Debug|Any CPU
		{8FCD8879-AEF3-4EED-BEA0-52B3D8A6A62F}.Debug|Any CPU.Build.0 = Debug|Any CPU
		{8FCD8879-AEF3-4EED-BEA0-52B3D8A6A62F}.Release|Any CPU.ActiveCfg = Release|Any CPU
		{8FCD8879-AEF3-4EED-BEA0-52B3D8A6A62F}.Release|Any CPU.Build.0 = Release|Any CPU
	EndGlobalSection
	GlobalSection(SolutionProperties) = preSolution
		HideSolutionNode = FALSE
	EndGlobalSection
	GlobalSection(ExtensibilityGlobals) = postSolution
		SolutionGuid = {FB5604FA-A8E3-4F99-8D1C-D48D2E7EBAE5}
	EndGlobalSection
EndGlobal
